name: base
channels:
  - conda-forge
dependencies:
  - _openmp_mutex=4.5=20_gnu
  - aws-c-auth=0.10.4=h4610da3_2
  - aws-c-cal=0.9.15=h6bbde05_1
  - aws-c-common=0.14.3=hb03c661_0
  - aws-c-compression=0.3.2=h01ee8f8_5
  - aws-c-event-stream=0.7.1=h1d67b22_5
  - aws-c-http=0.11.0=hbe094ff_5
  - aws-c-io=0.27.5=h4f381ba_1
  - aws-c-mqtt=0.16.0=h94f2f89_3
  - aws-c-s3=0.13.1=h7508075_1
  - aws-c-sdkutils=0.2.7=h01ee8f8_3
  - aws-checksums=0.2.10=h01ee8f8_5
  - awscli=2.36.40=py313hd5f5364_0
  - awscrt=0.36.2=py313hfd0634f_1
  - backports.zstd=1.7.0=py313h8f72f4d_1
  - binutils_impl_linux-64=2.46.1=default_hfdba357_102
  - brotli-python=1.2.0=py313h2fc2bef_4
  - bzip2=1.0.8=hda65f42_10
  - c-ares=1.34.8=hebe6cf0_2
  - c-compiler=2.0.0=ha29393d_0
  - ca-certificates=2026.7.22=hbd8a1cb_0
  - cairo=1.18.4=h3c89d7e_3
  - code-server=4.135.0=h65c4c7d_0
  - colorama=0.4.6=pyhd8ed1ab_1
  - compilers=2.0.0=ha770c72_0
  - conda-gcc-specs=15.3.0=h8846f6e_4
  - cxx-compiler=2.0.0=hdab9b82_0
  - distro=1.8.0=pyhd8ed1ab_0
  - docutils=0.18.1=py313h78bf25f_2
  - font-ttf-dejavu-sans-mono=2.37=hab24e00_0
  - font-ttf-inconsolata=3.000=h77eed37_0
  - font-ttf-source-code-pro=2.038=h77eed37_0
  - font-ttf-ubuntu=0.83=h77eed37_3
  - fontconfig=2.18.3=h4db4eae_1
  - fonts-conda-ecosystem=1=0
  - fonts-conda-forge=1=hc364b38_1
  - fortran-compiler=2.0.0=h0f4f740_0
  - freetype=2.14.3=ha770c72_2
  - gcc=15.3.0=hc6a0c74_4
  - gcc_impl_linux-64=15.3.0=h6f13dc8_4
  - gfortran=15.3.0=hc6a0c74_4
  - gfortran_impl_linux-64=15.3.0=h27ced10_4
  - git=2.55.0=pl5321h5685339_1
  - graphite2=1.3.15=h54a6638_1
  - gxx=15.3.0=hc6a0c74_4
  - gxx_impl_linux-64=15.3.0=h90d9265_4
  - h2=4.4.1=pyhcf101f3_0
  - harfbuzz=14.4.0=ha770c72_1
  - hpack=4.2.0=pyhd8ed1ab_0
  - htop=3.5.3=h3cf9a74_0
  - hyperframe=6.1.0=pyhd8ed1ab_0
  - icu=78.3=py310h44b86e0_2
  - jmespath=1.0.1=pyhd8ed1ab_1
  - jq=1.8.2=h280c20c_1
  - kernel-headers_linux-64=6.12.0=he073ed8_6
  - keyutils=1.6.3=h7cc23a3_1
  - krb5=1.22.2=hbc21106_2
  - ld_impl_linux-64=2.46.1=default_hbd61a6d_102
  - less=704=h828dc41_0
  - libcurl=8.22.0=ha042cf0_0
  - libedit=3.1.20250104=pl5321h373387f_1
  - libev=4.33=h280c20c_3
  - libexpat=2.8.1=hecca717_1
  - libffi=3.7.0=h81df57d_1
  - libfreetype=2.14.3=ha770c72_2
  - libfreetype6=2.14.3=h5e6c136_2
  - libgcc=16.2.0=ha9f2e26_4
  - libgcc-devel_linux-64=15.3.0=h2b852eb_104
  - libgcc-ng=16.2.0=h69a702a_4
  - libgfortran5=16.2.0=h6b99dfc_4
  - libglib=2.88.3=h569388d_4
  - libgomp=16.2.0=he0feb66_4
  - libharfbuzz=14.4.0=h23af247_1
  - libharfbuzz-devel=14.4.0=h23af247_1
  - libiconv=1.18=h0cb94f2_3
  - liblzma=5.8.3=hb03c661_1
  - libmpdec=4.0.0=hb03c661_2
  - libnghttp2=1.68.1=h74cf4be_1
  - libnl=3.11.0=hb03c661_1
  - libpng=1.6.58=h922cc85_1
  - libpsl=0.23.1=hd9e3e90_1
  - libpython=3.13.15=hdc7f604_103_cp313
  - libsanitizer=15.3.0=h54950a5_4
  - libsqlite=3.53.4=h13e7031_1
  - libssh2=1.11.1=h6154650_1
  - libstdcxx=16.2.0=h934c35e_4
  - libstdcxx-devel_linux-64=15.3.0=hb2c5482_104
  - libuuid=2.42.3=hcfc3c73_0
  - libuv=1.52.1=h280c20c_1
  - libxcb=1.17.0=hb83e432_2
  - libxcrypt=4.4.38=h280c20c_0
  - libzlib=1.3.2=h25fd6f3_3
  - lz4-c=1.10.0=hee9eb32_2
  - make=4.4.1=hb03c661_3
  - nano=9.2=h18c060e_0
  - ncurses=6.6=hdb14827_1
  - nodejs=22.23.2=h645b291_1
  - oniguruma=6.9.10=hebe6cf0_1
  - openssl=3.6.4=h781a0a9_0
  - pandoc=3.11=ha770c72_0
  - pcre2=10.47=h8b3dc9c_1
  - perl=5.32.1=7_hd590300_perl5
  - pigz=2.8=h421ea60_2
  - pip=26.2.1=pyh145f28c_0
  - pixman=0.46.4=h54a6638_3
  - pkg-config=0.29.2=h1114479_1013
  - popt=1.19=hcfc3c73_2
  - prompt-toolkit=3.0.51=pyha770c72_0
  - pthread-stubs=0.4=h7cc23a3_1004
  - pysocks=1.7.1=pyha55dd90_7
  - python=3.13.15=hf47f18c_103_cp313
  - python-dateutil=2.9.0=pyhd8ed1ab_0
  - python_abi=3.13=9_cp313
  - readline=8.3=hd6e31c0_1
  - rsync=3.4.4=hffd6c76_1
  - ruamel.yaml=0.19.1=pyhcf101f3_0
  - ruamel.yaml.clib=0.2.15=py313hd42f317_5
  - s2n=1.7.6=h7e3ee7f_0
  - six=1.17.0=pyhe01879c_1
  - sysroot_linux-64=2.39=hc4b9eeb_6
  - tectonic=0.17.0=ha39f199_0
  - tk=8.6.13=noxft_h1df4ec4_4
  - tzdata=2026c=h151e31d_0
  - unzip=6.0=hb03c661_4
  - urllib3=2.6.3=pyhd8ed1ab_0
  - vim=9.2.1054=py313pl5321h218a619_0
  - wcwidth=0.2.14=pyhd8ed1ab_0
  - xorg-libice=1.1.2=h280c20c_0
  - xorg-libsm=1.2.6=h0d788c3_1
  - xorg-libx11=1.8.13=he1eb515_1
  - xorg-libxau=1.0.12=h7cc23a3_2
  - xorg-libxdmcp=1.1.5=hb03c661_2
  - xorg-libxext=1.3.7=h7cc23a3_1
  - xorg-libxrender=0.9.12=hb03c661_1
  - xorg-libxt=1.3.1=h7cc23a3_1
  - xorg-xorgproto=2025.1=hebe6cf0_3
  - xxhash=0.8.3=hec8ed23_1
  - zip=3.0=hb03c661_4
  - zlib=1.3.2=h25fd6f3_3
  - zstd=1.5.7=hb78ec9c_7

prefix: "/opt/envs/base"
