name: 
channels:
  - conda-forge
  - fermi
dependencies:
  - _openmp_mutex=4.5=20_gnu
  - _python_abi3_support=1.0=hd8ed1ab_3
  - aiobotocore=3.9.1=pyh5ded981_0
  - aiohappyeyeballs=2.7.1=pyhd8ed1ab_0
  - aiohttp=3.14.3=py312h5d8c7f2_0
  - aioitertools=0.13.0=pyhd8ed1ab_0
  - aiosignal=1.4.0=pyhd8ed1ab_0
  - alsa-lib=1.2.16.1=h7cc23a3_1
  - aplpy=2.2.1=pyhd8ed1ab_0
  - astropy=8.0.1=pyhd8ed1ab_0
  - astropy-base=8.0.1=py312h4f23490_0
  - astropy-healpix=2.0.1=py312h4f23490_0
  - astropy-iers-data=0.2026.9.7.0.56.14=pyhd8ed1ab_0
  - asttokens=3.0.2=pyhd8ed1ab_0
  - attrs=26.1.0=pyhcf101f3_0
  - aws-c-auth=0.10.4=hb7a77c6_1
  - aws-c-cal=0.9.14=h2aa3ae6_4
  - aws-c-common=0.14.2=hb03c661_0
  - aws-c-compression=0.3.2=h720e601_4
  - aws-c-event-stream=0.7.1=h6ffeea8_4
  - aws-c-http=0.11.0=h38ae05a_4
  - aws-c-io=0.27.3=h6f4d18d_1
  - aws-c-mqtt=0.16.0=h21f4ec5_2
  - aws-c-s3=0.12.8=h46fcd08_1
  - aws-c-sdkutils=0.2.7=h720e601_2
  - aws-checksums=0.2.10=h720e601_4
  - aws-crt-cpp=0.40.1=h102d43b_3
  - aws-sdk-cpp=1.11.833=hc7390e0_9
  - azure-core-cpp=1.16.3=h206d751_0
  - azure-identity-cpp=1.13.3=h71f81a8_2
  - azure-storage-blobs-cpp=12.18.0=h74b55db_1
  - azure-storage-common-cpp=12.14.0=hf596fc9_1
  - azure-storage-files-datalake-cpp=12.16.0=h1f05bef_1
  - backports.zstd=1.7.0=py312h3f22e6b_1
  - beautifulsoup4=4.15.0=pyha770c72_0
  - bleach=6.4.0=pyhcf101f3_0
  - bokeh=3.10.0=pyhd8ed1ab_0
  - botocore=1.43.75=pyhd8ed1ab_0
  - bottleneck=1.6.0=np2py312hfb8c2c5_3
  - bqplot=0.13.1=pyhcf101f3_0
  - bqscales=0.3.7=pyhd8ed1ab_1
  - brotli=1.2.0=h505cf86_4
  - brotli-bin=1.2.0=h9908984_4
  - brotli-python=1.2.0=py312he9c40d5_4
  - bzip2=1.0.8=hda65f42_10
  - c-ares=1.34.8=hebe6cf0_2
  - ca-certificates=2026.7.22=hbd8a1cb_0
  - cached-property=2.0.1=pyhcf101f3_0
  - cached_property=2.0.1=pyhcf101f3_0
  - cairo=1.18.4=h3c89d7e_3
  - certifi=2026.7.22=pyhd8ed1ab_0
  - cfitsio=4.6.4=hab81a10_1
  - click=8.5.0=pyh5ded981_0
  - cloudpickle=3.1.2=pyhcf101f3_1
  - comm=0.2.3=pyhe01879c_0
  - contourpy=1.3.3=py312h0a2e395_4
  - cpython=3.12.14=py312hd8ed1ab_3
  - cycler=0.12.1=pyhcf101f3_2
  - cyrus-sasl=2.1.28=hac629b4_1
  - cytoolz=1.1.0=py312h4c3975b_2
  - dask=2026.8.0=pyhc364b38_0
  - dask-core=2026.8.0=pyhc364b38_0
  - dask-image=2026.5.0=pyhd8ed1ab_1
  - dbus=1.16.2=he8c428d_2
  - debugpy=1.8.21=py312h80505a6_1
  - deprecated=1.3.1=pyhd8ed1ab_1
  - distributed=2026.8.0=pyhc364b38_0
  - donfig=0.8.1.post1=pyhd8ed1ab_1
  - double-conversion=3.4.0=hecca717_0
  - executing=2.2.1=pyhd8ed1ab_0
  - f2c=0.0.2=h14c3975_0
  - fermitools=2.5.2=py312h410524c_0
  - fermitools-data=0.18=0
  - font-ttf-dejavu-sans-mono=2.37=hab24e00_0
  - font-ttf-inconsolata=3.000=h77eed37_0
  - font-ttf-source-code-pro=2.038=h77eed37_0
  - font-ttf-ubuntu=0.83=h77eed37_3
  - fontconfig=2.18.3=h4db4eae_1
  - fonts-conda-ecosystem=1=0
  - fonts-conda-forge=1=hc364b38_1
  - fonttools=4.65.0=py312hfd18d64_0
  - freetype=2.14.3=ha770c72_2
  - fribidi=1.0.16=h7cc23a3_2
  - frozenlist=1.8.0=py312h447239a_0
  - fsspec=2026.7.0=pyhd8ed1ab_0
  - gast=0.7.0=pyhd8ed1ab_0
  - geos=3.14.1=h55b0958_0
  - gflags=2.3.1=h54a6638_0
  - glog=0.7.1=hb7133d2_1
  - google-crc32c=1.8.0=py312hda0ef95_2
  - graphite2=1.3.15=h54a6638_1
  - h2=4.4.1=pyhcf101f3_0
  - h5py=3.16.0=nompi_py312hfaa9938_104
  - hdf5=1.14.6=nompi_h19486de_110
  - hpack=4.2.0=pyhd8ed1ab_0
  - html5lib=1.1=pyhd8ed1ab_2
  - hyperframe=6.1.0=pyhd8ed1ab_0
  - icu=78.3=py310h44b86e0_2
  - idna=3.19=pyhcf101f3_0
  - imageio=2.37.4=pyh5ded981_0
  - importlib-metadata=9.0.1=pyhcf101f3_0
  - ipydatagrid=1.4.0=pyhcf101f3_2
  - ipykernel=7.3.0=pyha191276_0
  - ipython=9.17.1=pyh53cf698_0
  - ipython_pygments_lexers=1.1.1=pyhd8ed1ab_0
  - ipywidgets=8.1.9=pyhd8ed1ab_0
  - jedi=0.20.0=pyhcf101f3_0
  - jinja2=3.1.6=pyhcf101f3_1
  - jmespath=1.1.0=pyhcf101f3_1
  - jplephem=2.24=pyha4b2019_1
  - jupyter_client=8.10.0=pyhcf101f3_0
  - jupyter_core=5.9.1=pyhc90fa1f_0
  - jupyterlab_widgets=3.0.17=pyhcf101f3_0
  - keyutils=1.6.3=h7cc23a3_1
  - kiwisolver=1.5.1=py312h9be0db6_1
  - krb5=1.22.2=hbc21106_2
  - lazy-loader=0.5=pyhd8ed1ab_0
  - lcms2=2.19.1=h9073bf1_3
  - ld_impl_linux-64=2.46.1=default_hbd61a6d_102
  - lerc=4.2.0=hdb68285_0
  - libabseil=20260526.0=cxx17_h0dc7533_2
  - libaec=1.1.5=h088129d_0
  - libarrow=25.0.0=hcc2f0d9_4_cpu
  - libarrow-acero=25.0.0=h635bf11_4_cpu
  - libarrow-compute=25.0.0=h53684a4_4_cpu
  - libarrow-dataset=25.0.0=h635bf11_4_cpu
  - libarrow-substrait=25.0.0=h66fbfdd_4_cpu
  - libblas=3.11.0=11_h4a7cf45_openblas
  - libbrotlicommon=1.2.0=h39a168f_4
  - libbrotlidec=1.2.0=ha411449_4
  - libbrotlienc=1.2.0=h018ffa1_4
  - libcblas=3.11.0=11_h0358290_openblas
  - libclang-cpp23.1=23.1.1=default_h0acdd01_0
  - libclang13=23.1.1=default_h7037f76_0
  - libcrc32c=1.1.2=h9c3ff4c_0
  - libcups=2.3.3=h7a8fb5f_6
  - libcurl=8.22.0=ha042cf0_0
  - libdeflate=1.25=hd45a770_1
  - libdrm=2.4.129=h7cc23a3_0
  - libedit=3.1.20250104=pl5321h373387f_1
  - libegl=1.7.0=ha4b6fd6_5
  - libegl-devel=1.7.0=ha4b6fd6_5
  - libev=4.33=h280c20c_3
  - libevent=2.1.12=h5348a74_2
  - libexpat=2.8.1=hecca717_1
  - libffi=3.7.0=h81df57d_1
  - libfreetype=2.14.3=ha770c72_2
  - libfreetype6=2.14.3=h5e6c136_2
  - libgcc=16.2.0=ha9f2e26_4
  - libgcc-ng=16.2.0=h69a702a_4
  - libgfortran=16.2.0=h69a702a_4
  - libgfortran5=16.2.0=h6b99dfc_4
  - libgl=1.7.0=ha4b6fd6_5
  - libgl-devel=1.7.0=ha4b6fd6_5
  - libglib=2.88.3=h569388d_4
  - libglvnd=1.7.0=ha4b6fd6_5
  - libglx=1.7.0=ha4b6fd6_5
  - libglx-devel=1.7.0=ha4b6fd6_5
  - libgomp=16.2.0=he0feb66_4
  - libgoogle-cloud=3.8.0=hbc29df5_0
  - libgoogle-cloud-storage=3.8.0=hdbdcf42_0
  - libgrpc=1.82.1=h792040b_0
  - libharfbuzz=14.4.0=h23af247_1
  - libiconv=1.18=h0cb94f2_3
  - libjpeg-turbo=3.2.0=hb03c661_1
  - liblapack=3.11.0=11_h47877c9_openblas
  - libllvm23=23.1.1=h474f4eb_0
  - liblzma=5.8.3=hb03c661_1
  - libnghttp2=1.68.1=h74cf4be_1
  - libnsl=2.0.1=hb9d3cd8_1
  - libntlm=1.8=hb9d3cd8_0
  - libopenblas=0.3.34=pthreads_hcf972fe_1
  - libopengl=1.7.0=ha4b6fd6_5
  - libopentelemetry-cpp=1.27.0=h3133023_1
  - libopentelemetry-cpp-headers=1.27.0=ha770c72_1
  - libparquet=25.0.0=h7376487_4_cpu
  - libpciaccess=0.19=hb03c661_1
  - libpng=1.6.58=h922cc85_1
  - libpq=18.6=h9d76c99_1
  - libprotobuf=7.35.1=h622638d_3
  - libpsl=0.23.1=hd9e3e90_1
  - libpython=3.12.14=h0c77377_3_cpython
  - libraqm=0.11.0=h6406941_0
  - libre2-11=2025.11.05=h60473fc_2
  - libsodium=1.0.22=hebe6cf0_2
  - libsqlite=3.53.4=h13e7031_1
  - libssh2=1.11.1=h6154650_1
  - libstdcxx=16.2.0=h934c35e_4
  - libstdcxx-ng=16.2.0=hdf11a46_4
  - libthrift=0.22.0=h7d032f7_2
  - libtiff=4.7.2=hcc2c06a_1
  - libutf8proc=2.11.3=hfe17d71_0
  - libuuid=2.42.3=hcfc3c73_0
  - libvulkan-loader=1.4.357.0=h0e34353_2
  - libwebp-base=1.6.0=hd42ef1d_1
  - libxcb=1.17.0=hb83e432_2
  - libxcrypt=4.4.38=h280c20c_0
  - libxkbcommon=1.13.2=h51789e4_1
  - libxml2=2.15.4=h7df9aa5_0
  - libxml2-16=2.15.4=hf3af7cc_0
  - libxslt=1.1.45=h8e12856_1
  - libzlib=1.3.2=h25fd6f3_3
  - locket=1.0.0=pyhd8ed1ab_0
  - lz4=4.4.5=py312h3d67a73_1
  - lz4-c=1.10.0=hee9eb32_2
  - markupsafe=3.0.3=py312h8a5da7c_1
  - matplotlib=3.11.1=py312h6a12a82_2
  - matplotlib-base=3.11.1=py312h4c94fcb_2
  - matplotlib-inline=0.2.2=pyhd8ed1ab_0
  - mpmath=1.4.1=pyhd8ed1ab_0
  - msgpack-python=1.2.2=py312h9be0db6_2
  - multidict=6.7.1=py312h8a5da7c_0
  - munkres=1.1.4=pyhd8ed1ab_1
  - narwhals=2.26.0=pyh5ded981_0
  - ncurses=6.6=hdb14827_1
  - nest-asyncio2=1.7.2=pyhcf101f3_0
  - networkx=3.6.1=pyhcf101f3_0
  - nlohmann_json=3.12.0=h54a6638_2
  - numcodecs=0.16.5=py312hf79963d_0
  - numpy=2.5.3=py312he827f4e_0
  - openjpeg=2.5.4=heb1ab33_2
  - openldap=2.6.13=hbde042b_0
  - openssl=3.6.4=h781a0a9_0
  - orc=2.3.1=h443056b_0
  - packaging=26.3=pyhc364b38_0
  - pandas=3.0.5=py312h8ecdadd_1
  - parso=0.8.7=pyhcf101f3_0
  - partd=1.4.2=pyhd8ed1ab_0
  - pcre2=10.47=h8b3dc9c_1
  - pexpect=4.9.0=pyhd8ed1ab_1
  - pillow=12.3.0=py312h38079b3_4
  - pims=0.7=pyhd8ed1ab_1
  - pip=26.2.1=pyh8b19718_0
  - pixman=0.46.4=h54a6638_3
  - platformdirs=4.11.8=pyh5ded981_0
  - prometheus-cpp=1.3.0=ha5d0236_0
  - prompt-toolkit=3.0.53=pyha770c72_0
  - propcache=0.5.2=py312h8a5da7c_0
  - psutil=7.2.2=py312h1b36aeb_2
  - pthread-stubs=0.4=h7cc23a3_1004
  - ptyprocess=0.7.0=pyhd8ed1ab_1
  - pure_eval=0.2.3=pyhd8ed1ab_1
  - py2vega=0.7.0=pyhd8ed1ab_0
  - pyarrow=25.0.0=py312h7900ff3_0
  - pyarrow-core=25.0.0=py312h2054cf2_0_cpu
  - pyavm=0.9.9=pyhc455866_0
  - pyerfa=2.0.1.5=py310h32771cd_2
  - pygments=2.21.0=pyhcf101f3_0
  - pyparsing=3.3.2=pyhcf101f3_0
  - pyregion=2.3.0=py312h4f23490_4
  - pyside6=6.11.2=py312hf520645_1
  - pysocks=1.7.1=pyha55dd90_7
  - python=3.12.14=h5f976f7_3_cpython
  - python-dateutil=2.9.0.post0=pyhe01879c_2
  - python-gil=3.12.14=hd8ed1ab_3
  - python_abi=3.12=9_cp312
  - pytz=2026.3.post1=pyhcf101f3_0
  - pyyaml=6.0.3=py312h8a5da7c_1
  - pyzmq=27.2.0=py312h8a5ba0d_1
  - qhull=2020.2=h434a139_5
  - qt6-main=6.11.2=pl5321h9df5c37_0
  - re2=2025.11.05=h94463f1_2
  - readline=8.3=hd6e31c0_1
  - regions=0.11=py312h4f23490_0
  - reproject=0.21.0=py312h4f23490_0
  - s2n=1.7.5=h7e3ee7f_1
  - s3fs=2026.7.0=pyhd8ed1ab_0
  - scikit-image=0.26.0=np2py312h4ae17e4_0
  - scipy=1.18.0=py312h54fa4ab_0
  - setuptools=84.0.0=pyh332efcf_0
  - shapely=2.1.2=py312ha95667c_3
  - six=1.17.0=pyhe01879c_1
  - slicerator=1.1.0=pyhd8ed1ab_1
  - snappy=1.2.2=h03e3b7b_1
  - sortedcontainers=2.4.0=pyhd8ed1ab_1
  - soupsieve=2.9.2=pyhd8ed1ab_0
  - stack_data=0.6.3=pyhd8ed1ab_1
  - tblib=3.2.2=pyhcf101f3_0
  - tifffile=2026.9.9=pyhc364b38_0
  - tk=8.6.13=noxft_h1df4ec4_4
  - toolz=1.1.0=pyhd8ed1ab_1
  - tornado=6.5.8=py312h5cc1888_2
  - traitlets=5.16.1=pyhcf101f3_0
  - traittypes=0.2.3=pyh332efcf_0
  - typing-extensions=4.16.0=h69aa097_0
  - typing_extensions=4.16.0=pyhcf101f3_0
  - tzdata=2026c=h151e31d_0
  - uncompresspy=0.4.1=pyhd8ed1ab_0
  - unicodedata2=17.0.1=py312h5cc1888_1
  - urllib3=2.7.0=pyhd8ed1ab_0
  - wayland=1.26.0=hc1c935e_2
  - wcwidth=0.8.3=pyhcf101f3_0
  - webencodings=0.5.1=pyhd8ed1ab_3
  - wheel=0.48.0=pyhd8ed1ab_0
  - widgetsnbextension=4.0.16=pyhd8ed1ab_0
  - wrapt=2.4.0=py312h1b36aeb_1
  - xcb-util=0.4.1=h4f16b4b_2
  - xcb-util-cursor=0.1.6=hb03c661_0
  - xcb-util-image=0.4.0=hb711507_2
  - xcb-util-keysyms=0.4.1=hb711507_0
  - xcb-util-renderutil=0.3.10=hb711507_0
  - xcb-util-wm=0.4.2=hb711507_0
  - xerces-c=3.3.0=h78fed68_2
  - xkeyboard-config=2.48=h280c20c_0
  - xorg-libice=1.1.2=h280c20c_0
  - xorg-libsm=1.2.6=h0d788c3_1
  - xorg-libx11=1.8.13=he1eb515_1
  - xorg-libxau=1.0.12=h7cc23a3_2
  - xorg-libxcomposite=0.4.7=hb03c661_0
  - xorg-libxcursor=1.2.3=hb9d3cd8_0
  - xorg-libxdamage=1.1.6=hb9d3cd8_0
  - xorg-libxdmcp=1.1.5=hb03c661_2
  - xorg-libxext=1.3.7=h7cc23a3_1
  - xorg-libxfixes=6.0.2=h7cc23a3_1
  - xorg-libxi=1.8.3=h7cc23a3_1
  - xorg-libxrandr=1.5.5=h7cc23a3_1
  - xorg-libxrender=0.9.12=hb03c661_1
  - xorg-libxtst=1.2.5=h7cc23a3_4
  - xorg-libxxf86vm=1.1.7=hb03c661_0
  - xorg-xorgproto=2025.1=hebe6cf0_3
  - xyzservices=2026.9.1=pyhd8ed1ab_0
  - yaml=0.2.5=hebe6cf0_3
  - yarl=1.24.5=py312h8a5da7c_0
  - zarr=3.3.0=pyhc364b38_0
  - zeromq=4.3.5=h901266b_12
  - zict=3.0.0=pyhd8ed1ab_1
  - zipp=4.1.0=pyhcf101f3_0
  - zlib=1.3.2=h25fd6f3_3
  - zlib-ng=2.3.3=hce19668_1
  - zstd=1.5.7=hb78ec9c_7
  - pip:
    - annotated-types==0.8.0
    - astropy==7.2.2
    - charset-normalizer==3.5.1
    - fermipy==1.4.3
    - gammapy==2.1
    - healpy==1.20.0
    - iminuit==2.32.0
    - iniconfig==2.3.0
    - pluggy==1.6.0
    - pydantic==2.13.5
    - pydantic_core==2.46.5
    - pytest==9.1.1
    - requests==2.34.2
    - scipy==1.17.1
    - tqdm==4.70.1
    - typing-inspection==0.4.4

prefix: "/opt/envs/fermi"
