name: 
channels:
  - conda-forge
  - https://heasarc.gsfc.nasa.gov/FTP/software/conda
dependencies:
  - _openmp_mutex=4.5=20_gnu
  - _python_abi3_support=1.0=hd8ed1ab_3
  - alsa-lib=1.2.16.1=h7cc23a3_1
  - astropy-base=8.0.1=py313h29aa505_0
  - astropy-iers-data=0.2026.9.7.0.56.14=pyhd8ed1ab_0
  - asttokens=3.0.2=pyhd8ed1ab_0
  - brotli=1.1.0=hb03c661_4
  - brotli-bin=1.1.0=hb03c661_4
  - bzip2=1.0.8=hda65f42_10
  - c-ares=1.34.8=hebe6cf0_2
  - ca-certificates=2026.7.22=hbd8a1cb_0
  - cairo=1.18.4=h3c89d7e_3
  - comm=0.2.3=pyhe01879c_0
  - contourpy=1.3.3=py313hc8edb43_4
  - cpython=3.13.15=py313hd8ed1ab_103
  - cycler=0.12.1=pyhcf101f3_2
  - cyrus-sasl=2.1.28=hd9c7081_0
  - dbus=1.16.2=he8c428d_2
  - debugpy=1.8.21=py313h901f96d_1
  - double-conversion=3.4.0=hecca717_0
  - executing=2.2.1=pyhd8ed1ab_0
  - fftw=3.3.11=nompi_h3b011a4_100
  - fgsl=1.6.0=hdc47aa6_0
  - font-ttf-dejavu-sans-mono=2.37=hab24e00_0
  - font-ttf-inconsolata=3.000=h77eed37_0
  - font-ttf-source-code-pro=2.038=h77eed37_0
  - font-ttf-ubuntu=0.83=h77eed37_3
  - fontconfig=2.18.3=h4db4eae_1
  - fonts-conda-ecosystem=1=0
  - fonts-conda-forge=1=hc364b38_1
  - fonttools=4.65.0=py313h6cd9899_0
  - freetype=2.14.3=ha770c72_2
  - fribidi=1.0.16=h7cc23a3_2
  - graphite2=1.3.15=h54a6638_1
  - gsl=2.7=he838d99_0
  - harfbuzz=14.4.0=ha770c72_1
  - heasoft=6.36=hb0f4dca_0
  - icu=78.3=py310h44b86e0_2
  - ipykernel=7.3.0=pyha191276_0
  - ipython=9.17.1=pyh53cf698_0
  - ipython_pygments_lexers=1.1.1=pyhd8ed1ab_0
  - jedi=0.20.0=pyhcf101f3_0
  - jupyter_client=8.10.0=pyhcf101f3_0
  - jupyter_core=5.9.1=pyhc90fa1f_0
  - keyutils=1.6.3=h7cc23a3_1
  - kiwisolver=1.5.1=py313h2551ef2_1
  - krb5=1.21.3=h659f571_0
  - lcms2=2.19.1=h9073bf1_3
  - ld_impl_linux-64=2.46.1=default_hbd61a6d_102
  - lerc=4.2.0=hdb68285_0
  - libblas=3.11.0=11_h4a7cf45_openblas
  - libbrotlicommon=1.1.0=hb03c661_4
  - libbrotlidec=1.1.0=hb03c661_4
  - libbrotlienc=1.1.0=hb03c661_4
  - libcblas=3.11.0=11_h0358290_openblas
  - libclang-cpp21.1=21.1.8=default_h6209e06_6
  - libclang-cpp23.1=23.1.1=default_h0acdd01_0
  - libclang13=23.1.1=default_h7037f76_0
  - libcups=2.3.3=hb8b1518_5
  - libcurl=8.18.0=h4e3cde8_0
  - libdeflate=1.25=hd45a770_1
  - libdrm=2.4.129=h7cc23a3_0
  - libedit=3.1.20250104=pl5321h373387f_1
  - libegl=1.7.0=ha4b6fd6_5
  - libev=4.33=h280c20c_3
  - libexpat=2.8.1=hecca717_1
  - libffi=3.7.0=h81df57d_1
  - libfreetype=2.14.3=ha770c72_2
  - libfreetype6=2.14.3=h5e6c136_2
  - libgcc=16.2.0=ha9f2e26_4
  - libgcc-ng=16.2.0=h69a702a_4
  - libgfortran=16.2.0=h69a702a_4
  - libgfortran-ng=16.2.0=h69a702a_4
  - libgfortran5=16.2.0=h6b99dfc_4
  - libgl=1.7.0=ha4b6fd6_5
  - libglib=2.88.3=h569388d_4
  - libglvnd=1.7.0=ha4b6fd6_5
  - libglx=1.7.0=ha4b6fd6_5
  - libgomp=16.2.0=he0feb66_4
  - libharfbuzz=14.4.0=h23af247_1
  - libharfbuzz-devel=14.4.0=h23af247_1
  - libiconv=1.18=h0cb94f2_3
  - libidn2=2.3.8=hfac485b_1
  - libjpeg-turbo=3.2.0=hb03c661_1
  - liblapack=3.11.0=11_h47877c9_openblas
  - libllvm21=21.1.8=h474f4eb_1
  - libllvm23=23.1.1=h474f4eb_0
  - liblzma=5.8.3=hb03c661_1
  - libmpdec=4.0.0=hb03c661_2
  - libnghttp2=1.68.1=h74cf4be_1
  - libntlm=1.8=hb9d3cd8_0
  - libopenblas=0.3.34=pthreads_hcf972fe_1
  - libopengl=1.7.0=ha4b6fd6_5
  - libpciaccess=0.19=hb03c661_1
  - libpng=1.6.58=h922cc85_1
  - libpq=18.2=hb80d175_0
  - libpython=3.13.15=hdc7f604_103_cp313
  - libraqm=0.11.0=h6406941_0
  - libsodium=1.0.20=h4ab18f5_0
  - libsqlite=3.53.4=h13e7031_1
  - libssh2=1.11.1=h6154650_1
  - libstdcxx=16.2.0=h934c35e_4
  - libstdcxx-ng=16.2.0=hdf11a46_4
  - libtiff=4.7.2=hcc2c06a_1
  - libunistring=0.9.10=h7f98852_0
  - libuuid=2.42.3=hcfc3c73_0
  - libvulkan-loader=1.4.357.0=h0e34353_2
  - libwebp-base=1.6.0=hd42ef1d_1
  - libxcb=1.17.0=hb83e432_2
  - libxcrypt=4.4.38=h280c20c_0
  - libxkbcommon=1.13.2=h51789e4_1
  - libxml2=2.15.4=h7df9aa5_0
  - libxml2-16=2.15.4=hf3af7cc_0
  - libxslt=1.1.45=h8e12856_1
  - libzlib=1.3.2=h25fd6f3_3
  - lynx=2.9.2=hb492485_0
  - matplotlib=3.11.1=py313h4488465_2
  - matplotlib-base=3.11.1=py313h134213a_2
  - matplotlib-inline=0.2.2=pyhd8ed1ab_0
  - munkres=1.1.4=pyhd8ed1ab_1
  - ncurses=6.6=hdb14827_1
  - nest-asyncio2=1.7.2=pyhcf101f3_0
  - numpy=2.5.3=py313hb5f73ae_0
  - openjpeg=2.5.4=heb1ab33_2
  - openldap=2.6.10=he970967_0
  - openssl=3.6.4=h781a0a9_0
  - packaging=26.3=pyhc364b38_0
  - parso=0.8.7=pyhcf101f3_0
  - pcre2=10.47=h8b3dc9c_1
  - perl=5.32.1=7_hd590300_perl5
  - pexpect=4.9.0=pyhd8ed1ab_1
  - pillow=12.3.0=py313h3b26573_4
  - pip=26.2.1=pyh145f28c_0
  - pixman=0.46.4=h54a6638_3
  - platformdirs=4.11.8=pyh5ded981_0
  - prompt-toolkit=3.0.53=pyha770c72_0
  - psutil=7.2.2=py313hd42f317_2
  - pthread-stubs=0.4=h7cc23a3_1004
  - ptyprocess=0.7.0=pyhd8ed1ab_1
  - pure_eval=0.2.3=pyhd8ed1ab_1
  - pyerfa=2.0.1.5=py310h32771cd_2
  - pygments=2.21.0=pyhcf101f3_0
  - pyparsing=3.3.2=pyhcf101f3_0
  - pyside6=6.10.2=py313hcd51b16_3
  - python=3.13.15=hf47f18c_103_cp313
  - python-dateutil=2.9.0.post0=pyhe01879c_2
  - python-gil=3.13.15=h4df99d1_103
  - python_abi=3.13=9_cp313
  - pyyaml=6.0.3=py313h3dea7bd_1
  - pyzmq=27.2.0=py312h8a5ba0d_1
  - qhull=2020.2=h434a139_5
  - qt6-main=6.10.2=hb82b983_4
  - readline=8.3=hd6e31c0_1
  - scipy=1.18.0=py313h4b8bb8b_0
  - six=1.17.0=pyhe01879c_1
  - stack_data=0.6.3=pyhd8ed1ab_1
  - tk=8.6.13=noxft_h1df4ec4_4
  - tornado=6.5.8=py313h995f894_2
  - traitlets=5.16.1=pyhcf101f3_0
  - tzdata=2026c=h151e31d_0
  - uncompresspy=0.4.1=pyhd8ed1ab_0
  - wayland=1.26.0=hc1c935e_2
  - wcwidth=0.8.3=pyhcf101f3_0
  - xcb-util=0.4.1=h4f16b4b_2
  - xcb-util-cursor=0.1.6=hb03c661_0
  - xcb-util-image=0.4.0=hb711507_2
  - xcb-util-keysyms=0.4.1=hb711507_0
  - xcb-util-renderutil=0.3.10=hb711507_0
  - xcb-util-wm=0.4.2=hb711507_0
  - xkeyboard-config=2.48=h280c20c_0
  - xorg-libice=1.1.2=h280c20c_0
  - xorg-libsm=1.2.6=h0d788c3_1
  - xorg-libx11=1.8.13=he1eb515_1
  - xorg-libxau=1.0.12=h7cc23a3_2
  - xorg-libxcomposite=0.4.7=hb03c661_0
  - xorg-libxcursor=1.2.3=hb9d3cd8_0
  - xorg-libxdamage=1.1.6=hb9d3cd8_0
  - xorg-libxdmcp=1.1.5=hb03c661_2
  - xorg-libxext=1.3.7=h7cc23a3_1
  - xorg-libxfixes=6.0.2=h7cc23a3_1
  - xorg-libxi=1.8.3=h7cc23a3_1
  - xorg-libxrandr=1.5.5=h7cc23a3_1
  - xorg-libxrender=0.9.12=hb03c661_1
  - xorg-libxt=1.3.1=h7cc23a3_1
  - xorg-libxtst=1.2.5=h7cc23a3_4
  - xorg-libxxf86vm=1.1.7=hb03c661_0
  - xorg-xorgproto=2025.1=hebe6cf0_3
  - yaml=0.2.5=hebe6cf0_3
  - zeromq=4.3.5=h387f397_9
  - zlib=1.3.2=h25fd6f3_3
  - zlib-ng=2.3.3=hce19668_1
  - zstd=1.5.7=hb78ec9c_7
  - pip:
    - PyAbel==0.9.1
    - SecretStorage==3.5.0
    - aiobotocore==3.9.1
    - aiohappyeyeballs==2.7.1
    - aiohttp==3.14.3
    - aioitertools==0.13.0
    - aiosignal==1.4.0
    - annotated-doc==0.0.5
    - annotated-types==0.8.0
    - anyio==4.15.1
    - astroquery==0.4.11
    - attrs==26.1.0
    - beautifulsoup4==4.15.0
    - boto3==1.43.75
    - botocore==1.43.75
    - certifi==2026.7.22
    - cffi==2.1.1
    - charset-normalizer==3.5.1
    - click==8.5.0
    - cloudpickle==3.1.2
    - corner==2.3.0
    - cryptography==50.0.1
    - emcee==3.1.6
    - exceptiongroup==1.3.1
    - fastapi==0.141.1
    - fitsio==1.4.2
    - frozenlist==1.8.0
    - fsspec==2026.7.0
    - fviewer==0.3.6
    - getdist==1.7.7
    - h11==0.16.0
    - html5lib==1.1
    - idna==3.19
    - iniconfig==2.3.0
    - jaraco.classes==3.4.0
    - jaraco.context==6.1.2
    - jaraco.functools==4.6.0
    - jeepney==0.9.0
    - jmespath==1.1.0
    - joblib==1.6.0
    - keyring==25.7.0
    - llvmlite==0.49.0
    - more-itertools==11.1.0
    - multidict==6.8.0
    - narwhals==2.26.0
    - numba==0.67.0
    - pandas==3.0.5
    - pluggy==1.6.0
    - propcache==0.5.2
    - pycparser==3.0
    - pydantic==2.13.5
    - pydantic_core==2.46.5
    - pynndescent==0.6.0
    - pytest==9.1.1
    - pyvo==1.9.1
    - regions==0.12
    - requests==2.34.2
    - s3fs==2026.7.0
    - s3transfer==0.19.2
    - scikit-learn==1.9.1
    - setuptools==84.0.0
    - soupsieve==2.9.2
    - starlette==1.6.0
    - tabulate==0.10.0
    - threadpoolctl==3.6.0
    - tqdm==4.70.1
    - typing-inspection==0.4.4
    - typing_extensions==4.16.0
    - umap-learn==0.5.12
    - urllib3==2.7.0
    - uvicorn==0.52.4
    - webencodings==0.6.1
    - websockets==17.1
    - wrapt==2.4.1
    - xga==0.6.3
    - yarl==1.24.5

prefix: "/opt/envs/heasoft"
