name: notebook
channels:
  - conda-forge
dependencies:
  - _libgcc_mutex=0.1=conda_forge
  - _openmp_mutex=4.5=2_gnu
  - alembic=1.15.2=pyhd8ed1ab_0
  - annotated-types=0.7.0=pyhd8ed1ab_1
  - anyio=4.9.0=pyh29332c3_0
  - argon2-cffi=23.1.0=pyhd8ed1ab_1
  - argon2-cffi-bindings=21.2.0=py312h66e93f0_5
  - arrow=1.3.0=pyhd8ed1ab_1
  - asttokens=3.0.0=pyhd8ed1ab_1
  - async-lru=2.0.5=pyh29332c3_0
  - async_generator=1.10=pyhd8ed1ab_2
  - attrs=25.3.0=pyh71513ae_0
  - babel=2.17.0=pyhd8ed1ab_0
  - beautifulsoup4=4.13.4=pyha770c72_0
  - bleach=6.2.0=pyh29332c3_4
  - bleach-with-css=6.2.0=h82add2a_4
  - blinker=1.9.0=pyhff2d567_0
  - brotli-python=1.1.0=py312h2ec8cdc_2
  - bzip2=1.0.8=h4bc722e_7
  - c-ares=1.34.5=hb9d3cd8_0
  - ca-certificates=2025.4.26=hbd8a1cb_0
  - cached-property=1.5.2=hd8ed1ab_1
  - cached_property=1.5.2=pyha770c72_1
  - certifi=2025.1.31=pyhd8ed1ab_0
  - certipy=0.2.2=pyhd8ed1ab_0
  - cffi=1.17.1=py312h06ac9bb_0
  - charset-normalizer=3.4.1=pyhd8ed1ab_0
  - comm=0.2.2=pyhd8ed1ab_1
  - configurable-http-proxy=4.6.2=he2f69ee_0
  - cryptography=44.0.2=py312hda17c39_0
  - debugpy=1.8.14=py312h2ec8cdc_0
  - decorator=5.2.1=pyhd8ed1ab_0
  - defusedxml=0.7.1=pyhd8ed1ab_0
  - exceptiongroup=1.2.2=pyhd8ed1ab_1
  - executing=2.2.0=pyhd8ed1ab_0
  - fqdn=1.5.1=pyhd8ed1ab_1
  - greenlet=3.2.1=py312h2ec8cdc_0
  - h11=0.16.0=pyhd8ed1ab_0
  - h2=4.2.0=pyhd8ed1ab_0
  - hpack=4.1.0=pyhd8ed1ab_0
  - httpcore=1.0.9=pyh29332c3_0
  - httpx=0.28.1=pyhd8ed1ab_0
  - hyperframe=6.1.0=pyhd8ed1ab_0
  - icu=75.1=he02047a_0
  - idna=3.10=pyhd8ed1ab_1
  - importlib-metadata=8.6.1=pyha770c72_0
  - importlib_resources=6.5.2=pyhd8ed1ab_0
  - ipykernel=6.29.5=pyh3099207_0
  - ipython=9.2.0=pyhfb0248b_0
  - ipython_pygments_lexers=1.1.1=pyhd8ed1ab_0
  - isoduration=20.11.0=pyhd8ed1ab_1
  - jedi=0.19.2=pyhd8ed1ab_1
  - jinja2=3.1.6=pyhd8ed1ab_0
  - json5=0.12.0=pyhd8ed1ab_0
  - jsonpointer=3.0.0=py312h7900ff3_1
  - jsonschema=4.23.0=pyhd8ed1ab_1
  - jsonschema-specifications=2025.4.1=pyh29332c3_0
  - jsonschema-with-format-nongpl=4.23.0=hd8ed1ab_1
  - jupyter-lsp=2.2.5=pyhd8ed1ab_1
  - jupyter_client=8.6.3=pyhd8ed1ab_1
  - jupyter_core=5.7.2=pyh31011fe_1
  - jupyter_events=0.12.0=pyh29332c3_0
  - jupyter_server=2.15.0=pyhd8ed1ab_0
  - jupyter_server_terminals=0.5.3=pyhd8ed1ab_1
  - jupyterhub=5.2.1=pyh31011fe_0
  - jupyterhub-base=5.2.1=pyh31011fe_0
  - jupyterlab=4.3.6=pyhd8ed1ab_0
  - jupyterlab_pygments=0.3.0=pyhd8ed1ab_2
  - jupyterlab_server=2.27.3=pyhd8ed1ab_1
  - keyutils=1.6.1=h166bdaf_0
  - krb5=1.21.3=h659f571_0
  - ld_impl_linux-64=2.43=h712a8e2_4
  - libcurl=8.13.0=h332b0f4_0
  - libedit=3.1.20250104=pl5321h7949ede_0
  - libev=4.33=hd590300_2
  - libexpat=2.7.0=h5888daf_0
  - libffi=3.4.6=h2dba641_1
  - libgcc=14.2.0=h767d61c_2
  - libgcc-ng=14.2.0=h69a702a_2
  - libgcrypt-lib=1.11.0=hb9d3cd8_2
  - libglib=2.84.1=h2ff4ddf_0
  - libgomp=14.2.0=h767d61c_2
  - libgpg-error=1.55=h3f2d84a_0
  - libiconv=1.18=h4ce23a2_1
  - liblzma=5.8.1=hb9d3cd8_0
  - liblzma-devel=5.8.1=hb9d3cd8_0
  - libnghttp2=1.64.0=h161d5f1_0
  - libnsl=2.0.1=hd590300_0
  - libsecret=0.21.7=h1e2da66_0
  - libsodium=1.0.20=h4ab18f5_0
  - libsqlite=3.49.1=hee588c1_2
  - libssh2=1.11.1=hcf80075_0
  - libstdcxx=14.2.0=h8f9b012_2
  - libstdcxx-ng=14.2.0=h4852527_2
  - libuuid=2.38.1=h0b41bf4_0
  - libuv=1.50.0=hb9d3cd8_0
  - libxcb=1.17.0=h8a09558_0
  - libzlib=1.3.1=hb9d3cd8_2
  - mako=1.3.10=pyhd8ed1ab_0
  - markupsafe=3.0.2=py312h178313f_1
  - matplotlib-inline=0.1.7=pyhd8ed1ab_1
  - mistune=3.1.3=pyh29332c3_0
  - nbclient=0.10.2=pyhd8ed1ab_0
  - nbconvert-core=7.16.6=pyh29332c3_0
  - nbformat=5.10.4=pyhd8ed1ab_1
  - ncurses=6.5=h2d0b736_3
  - nest-asyncio=1.6.0=pyhd8ed1ab_1
  - nodejs=18.20.5=h6f0827f_0
  - notebook=7.3.3=pyhd8ed1ab_0
  - notebook-shim=0.2.4=pyhd8ed1ab_1
  - oauthlib=3.2.2=pyhd8ed1ab_1
  - openssl=3.5.0=h7b32b05_0
  - openvscode-server=1.96.0=h346b9c0_1
  - overrides=7.7.0=pyhd8ed1ab_1
  - packaging=25.0=pyh29332c3_1
  - pamela=1.2.0=pyhd8ed1ab_1
  - pandocfilters=1.5.0=pyhd8ed1ab_0
  - parso=0.8.4=pyhd8ed1ab_1
  - pcre2=10.44=hba22ea6_2
  - pexpect=4.9.0=pyhd8ed1ab_1
  - pickleshare=0.7.5=pyhd8ed1ab_1004
  - pip=25.1=pyh8b19718_0
  - pkgutil-resolve-name=1.3.10=pyhd8ed1ab_2
  - platformdirs=4.3.7=pyh29332c3_0
  - prometheus_client=0.21.1=pyhd8ed1ab_0
  - prompt-toolkit=3.0.51=pyha770c72_0
  - psutil=7.0.0=py312h66e93f0_0
  - pthread-stubs=0.4=hb9d3cd8_1002
  - ptyprocess=0.7.0=pyhd8ed1ab_1
  - pure_eval=0.2.3=pyhd8ed1ab_1
  - pycparser=2.22=pyh29332c3_1
  - pycurl=7.45.6=py312h6ac1089_0
  - pydantic=2.11.3=pyh3cfb1c2_0
  - pydantic-core=2.33.1=py312h3b7be25_0
  - pygments=2.19.1=pyhd8ed1ab_0
  - pyjwt=2.10.1=pyhd8ed1ab_0
  - pysocks=1.7.1=pyha55dd90_7
  - python=3.12.0=hab00c5b_0_cpython
  - python-dateutil=2.9.0.post0=pyhff2d567_1
  - python-fastjsonschema=2.21.1=pyhd8ed1ab_0
  - python-json-logger=2.0.7=pyhd8ed1ab_0
  - python_abi=3.12=7_cp312
  - pytz=2025.2=pyhd8ed1ab_0
  - pyyaml=6.0.2=py312h178313f_2
  - pyzmq=26.4.0=py312hbf22597_0
  - readline=8.2=h8c095d6_2
  - referencing=0.36.2=pyh29332c3_0
  - requests=2.32.3=pyhd8ed1ab_1
  - rfc3339-validator=0.1.4=pyhd8ed1ab_1
  - rfc3986-validator=0.1.1=pyh9f0ad1d_0
  - ripgrep=14.1.1=h8fae777_0
  - rpds-py=0.24.0=py312h3b7be25_0
  - send2trash=1.8.3=pyh0d859eb_1
  - setuptools=79.0.1=pyhff2d567_0
  - six=1.17.0=pyhd8ed1ab_0
  - sniffio=1.3.1=pyhd8ed1ab_1
  - soupsieve=2.5=pyhd8ed1ab_1
  - sqlalchemy=2.0.40=py312h66e93f0_0
  - stack_data=0.6.3=pyhd8ed1ab_1
  - terminado=0.18.1=pyh0d859eb_0
  - tinycss2=1.4.0=pyhd8ed1ab_0
  - tk=8.6.13=noxft_h4845f30_101
  - tomli=2.2.1=pyhd8ed1ab_1
  - tornado=6.4.2=py312h66e93f0_0
  - traitlets=5.14.3=pyhd8ed1ab_1
  - types-python-dateutil=2.9.0.20241206=pyhd8ed1ab_0
  - typing-extensions=4.13.2=h0e9735f_0
  - typing-inspection=0.4.0=pyhd8ed1ab_0
  - typing_extensions=4.13.2=pyh29332c3_0
  - typing_utils=0.1.0=pyhd8ed1ab_1
  - tzdata=2025b=h78e105d_0
  - uri-template=1.3.0=pyhd8ed1ab_1
  - urllib3=2.4.0=pyhd8ed1ab_0
  - wcwidth=0.2.13=pyhd8ed1ab_1
  - webcolors=24.11.1=pyhd8ed1ab_0
  - webencodings=0.5.1=pyhd8ed1ab_3
  - websocket-client=1.8.0=pyhd8ed1ab_1
  - wheel=0.45.1=pyhd8ed1ab_1
  - xorg-libx11=1.8.12=h4f16b4b_0
  - xorg-libxau=1.0.12=hb9d3cd8_0
  - xorg-libxdmcp=1.1.5=hb9d3cd8_0
  - xz=5.8.1=hbcc6ac9_0
  - xz-gpl-tools=5.8.1=hbcc6ac9_0
  - xz-tools=5.8.1=hb9d3cd8_0
  - yaml=0.2.5=h7f98852_2
  - zeromq=4.3.5=h3b0a872_7
  - zipp=3.21.0=pyhd8ed1ab_1
  - zlib=1.3.1=hb9d3cd8_2
  - zstandard=0.23.0=py312h66e93f0_1
  - zstd=1.5.7=hb8e6e7a_2
  - pip:
    - astropy==7.0.1
    - astroquery==0.4.10
    - dask==2025.4.1
    - dask_labextension==7.0.0
    - ipywidgets==8.1.6
    - jupyter-resource-usage==1.1.1
    - jupyter_cpu_alive==0.1.2
    - jupyter_vscode_proxy==0.6
    - jupyterlab_execute_time==3.2.0
    - jupyterlab_git==0.51.1
    - jupyterlab_myst==2.4.2
    - jupytext==1.17.1
    - matplotlib==3.10.1
    - nbgitpuller==1.2.2
    - numpy==2.2.5
    - pandas==2.2.3
    - pytest==8.3.5
    - pyvo==1.6.2
    - scipy==1.15.2
    - seaborn==0.13.2
    - tqdm==4.67.1

prefix: "/opt/conda/envs/notebook"
